// !$*UTF8*$!
{
	archiveVersion = 1;
	classes = {
	};
	objectVersion = 46;
	objects = {

/* Begin PBXBuildFile section */
		65EFA05D1CFCABDC0063FBFC /* AppDelegate.swift in Sources */ = {isa = PBXBuildFile; fileRef = 65EFA05C1CFCABDC0063FBFC /* AppDelegate.swift */; };
		65EFA05F1CFCABDC0063FBFC /* ViewController.swift in Sources */ = {isa = PBXBuildFile; fileRef = 65EFA05E1CFCABDC0063FBFC /* ViewController.swift */; };
		65EFA0621CFCABDC0063FBFC /* Main.storyboard in Resources */ = {isa = PBXBuildFile; fileRef = 65EFA0601CFCABDC0063FBFC /* Main.storyboard */; };
		65EFA0651CFCABDC0063FBFC /* recipez_app.xcdatamodeld in Sources */ = {isa = PBXBuildFile; fileRef = 65EFA0631CFCABDC0063FBFC /* recipez_app.xcdatamodeld */; };
		65EFA0671CFCABDC0063FBFC /* Assets.xcassets in Resources */ = {isa = PBXBuildFile; fileRef = 65EFA0661CFCABDC0063FBFC /* Assets.xcassets */; };
		65EFA06A1CFCABDC0063FBFC /* LaunchScreen.storyboard in Resources */ = {isa = PBXBuildFile; fileRef = 65EFA0681CFCABDC0063FBFC /* LaunchScreen.storyboard */; };
		65EFA0761CFCC2380063FBFC /* Recipe+CoreDataProperties.swift in Sources */ = {isa = PBXBuildFile; fileRef = 65EFA0741CFCC2380063FBFC /* Recipe+CoreDataProperties.swift */; };
		65EFA0771CFCC2380063FBFC /* Recipe.swift in Sources */ = {isa = PBXBuildFile; fileRef = 65EFA0751CFCC2380063FBFC /* Recipe.swift */; };
		65EFA0791CFCCAA10063FBFC /* RecipeCell.swift in Sources */ = {isa = PBXBuildFile; fileRef = 65EFA0781CFCCAA10063FBFC /* RecipeCell.swift */; };
		65EFA07B1CFCDD830063FBFC /* CreateRecipeVC.swift in Sources */ = {isa = PBXBuildFile; fileRef = 65EFA07A1CFCDD830063FBFC /* CreateRecipeVC.swift */; };
/* End PBXBuildFile section */

/* Begin PBXFileReference section */
		65EFA0591CFCABDC0063FBFC /* recipez-app.app */ = {isa = PBXFileReference; explicitFileType = wrapper.application; includeInIndex = 0; path = "recipez-app.app"; sourceTree = BUILT_PRODUCTS_DIR; };
		65EFA05C1CFCABDC0063FBFC /* AppDelegate.swift */ = {isa = PBXFileReference; lastKnownFileType = sourcecode.swift; path = AppDelegate.swift; sourceTree = "<group>"; };
		65EFA05E1CFCABDC0063FBFC /* ViewController.swift */ = {isa = PBXFileReference; lastKnownFileType = sourcecode.swift; path = ViewController.swift; sourceTree = "<group>"; };
		65EFA0611CFCABDC0063FBFC /* Base */ = {isa = PBXFileReference; lastKnownFileType = file.storyboard; name = Base; path = Base.lproj/Main.storyboard; sourceTree = "<group>"; };
		65EFA0641CFCABDC0063FBFC /* recipez_app.xcdatamodel */ = {isa = PBXFileReference; lastKnownFileType = wrapper.xcdatamodel; path = recipez_app.xcdatamodel; sourceTree = "<group>"; };
		65EFA0661CFCABDC0063FBFC /* Assets.xcassets */ = {isa = PBXFileReference; lastKnownFileType = folder.assetcatalog; path = Assets.xcassets; sourceTree = "<group>"; };
		65EFA0691CFCABDC0063FBFC /* Base */ = {isa = PBXFileReference; lastKnownFileType = file.storyboard; name = Base; path = Base.lproj/LaunchScreen.storyboard; sourceTree = "<group>"; };
		65EFA06B1CFCABDC0063FBFC /* Info.plist */ = {isa = PBXFileReference; lastKnownFileType = text.plist.xml; path = Info.plist; sourceTree = "<group>"; };
		65EFA0741CFCC2380063FBFC /* Recipe+CoreDataProperties.swift */ = {isa = PBXFileReference; fileEncoding = 4; lastKnownFileType = sourcecode.swift; name = "Recipe+CoreDataProperties.swift"; path = "../Recipe+CoreDataProperties.swift"; sourceTree = "<group>"; };
		65EFA0751CFCC2380063FBFC /* Recipe.swift */ = {isa = PBXFileReference; fileEncoding = 4; lastKnownFileType = sourcecode.swift; name = Recipe.swift; path = ../Recipe.swift; sourceTree = "<group>"; };
		65EFA0781CFCCAA10063FBFC /* RecipeCell.swift */ = {isa = PBXFileReference; fileEncoding = 4; lastKnownFileType = sourcecode.swift; path = RecipeCell.swift; sourceTree = "<group>"; };
		65EFA07A1CFCDD830063FBFC /* CreateRecipeVC.swift */ = {isa = PBXFileReference; fileEncoding = 4; lastKnownFileType = sourcecode.swift; path = CreateRecipeVC.swift; sourceTree = "<group>"; };
/* End PBXFileReference section */

/* Begin PBXFrameworksBuildPhase section */
		65EFA0561CFCABDC0063FBFC /* Frameworks */ = {
			isa = PBXFrameworksBuildPhase;
			buildActionMask = 2147483647;
			files = (
			);
			runOnlyForDeploymentPostprocessing = 0;
		};
/* End PBXFrameworksBuildPhase section */

/* Begin PBXGroup section */
		65EFA0501CFCABDC0063FBFC = {
			isa = PBXGroup;
			children = (
				65EFA05B1CFCABDC0063FBFC /* recipez-app */,
				65EFA05A1CFCABDC0063FBFC /* Products */,
			);
			sourceTree = "<group>";
		};
		65EFA05A1CFCABDC0063FBFC /* Products */ = {
			isa = PBXGroup;
			children = (
				65EFA0591CFCABDC0063FBFC /* recipez-app.app */,
			);
			name = Products;
			sourceTree = "<group>";
		};
		65EFA05B1CFCABDC0063FBFC /* recipez-app */ = {
			isa = PBXGroup;
			children = (
				65EFA0731CFCC1C60063FBFC /* Controller */,
				65EFA0721CFCC1C30063FBFC /* View */,
				65EFA0711CFCC1C10063FBFC /* Model */,
				65EFA05C1CFCABDC0063FBFC /* AppDelegate.swift */,
				65EFA06B1CFCABDC0063FBFC /* Info.plist */,
				65EFA0631CFCABDC0063FBFC /* recipez_app.xcdatamodeld */,
				65EFA0661CFCABDC0063FBFC /* Assets.xcassets */,
			);
			path = "recipez-app";
			sourceTree = "<group>";
		};
		65EFA0711CFCC1C10063FBFC /* Model */ = {
			isa = PBXGroup;
			children = (
				65EFA0741CFCC2380063FBFC /* Recipe+CoreDataProperties.swift */,
				65EFA0751CFCC2380063FBFC /* Recipe.swift */,
			);
			name = Model;
			sourceTree = "<group>";
		};
		65EFA0721CFCC1C30063FBFC /* View */ = {
			isa = PBXGroup;
			children = (
				65EFA0601CFCABDC0063FBFC /* Main.storyboard */,
				65EFA0681CFCABDC0063FBFC /* LaunchScreen.storyboard */,
			);
			name = View;
			sourceTree = "<group>";
		};
		65EFA0731CFCC1C60063FBFC /* Controller */ = {
			isa = PBXGroup;
			children = (
				65EFA0781CFCCAA10063FBFC /* RecipeCell.swift */,
				65EFA05E1CFCABDC0063FBFC /* ViewController.swift */,
				65EFA07A1CFCDD830063FBFC /* CreateRecipeVC.swift */,
			);
			name = Controller;
			sourceTree = "<group>";
		};
/* End PBXGroup section */

/* Begin PBXNativeTarget section */
		65EFA0581CFCABDC0063FBFC /* recipez-app */ = {
			isa = PBXNativeTarget;
			buildConfigurationList = 65EFA06E1CFCABDC0063FBFC /* Build configuration list for PBXNativeTarget "recipez-app" */;
			buildPhases = (
				65EFA0551CFCABDC0063FBFC /* Sources */,
				65EFA0561CFCABDC0063FBFC /* Frameworks */,
				65EFA0571CFCABDC0063FBFC /* Resources */,
			);
			buildRules = (
			);
			dependencies = (
			);
			name = "recipez-app";
			productName = "recipez-app";
			productReference = 65EFA0591CFCABDC0063FBFC /* recipez-app.app */;
			productType = "com.apple.product-type.application";
		};
/* End PBXNativeTarget section */

/* Begin PBXProject section */
		65EFA0511CFCABDC0063FBFC /* Project object */ = {
			isa = PBXProject;
			attributes = {
				LastSwiftUpdateCheck = 0730;
				LastUpgradeCheck = 0730;
				ORGANIZATIONNAME = "Daniel Freire";
				TargetAttributes = {
					65EFA0581CFCABDC0063FBFC = {
						CreatedOnToolsVersion = 7.3.1;
						DevelopmentTeam = S5G7KRVSLK;
					};
				};
			};
			buildConfigurationList = 65EFA0541CFCABDC0063FBFC /* Build configuration list for PBXProject "recipez-app" */;
			compatibilityVersion = "Xcode 3.2";
			developmentRegion = English;
			hasScannedForEncodings = 0;
			knownRegions = (
				en,
				Base,
			);
			mainGroup = 65EFA0501CFCABDC0063FBFC;
			productRefGroup = 65EFA05A1CFCABDC0063FBFC /* Products */;
			projectDirPath = "";
			projectRoot = "";
			targets = (
				65EFA0581CFCABDC0063FBFC /* recipez-app */,
			);
		};
/* End PBXProject section */

/* Begin PBXResourcesBuildPhase section */
		65EFA0571CFCABDC0063FBFC /* Resources */ = {
			isa = PBXResourcesBuildPhase;
			buildActionMask = 2147483647;
			files = (
				65EFA06A1CFCABDC0063FBFC /* LaunchScreen.storyboard in Resources */,
				65EFA0671CFCABDC0063FBFC /* Assets.xcassets in Resources */,
				65EFA0621CFCABDC0063FBFC /* Main.storyboard in Resources */,
			);
			runOnlyForDeploymentPostprocessing = 0;
		};
/* End PBXResourcesBuildPhase section */

/* Begin PBXSourcesBuildPhase section */
		65EFA0551CFCABDC0063FBFC /* Sources */ = {
			isa = PBXSourcesBuildPhase;
			buildActionMask = 2147483647;
			files = (
				65EFA0651CFCABDC0063FBFC /* recipez_app.xcdatamodeld in Sources */,
				65EFA0761CFCC2380063FBFC /* Recipe+CoreDataProperties.swift in Sources */,
				65EFA05F1CFCABDC0063FBFC /* ViewController.swift in Sources */,
				65EFA0791CFCCAA10063FBFC /* RecipeCell.swift in Sources */,
				65EFA07B1CFCDD830063FBFC /* CreateRecipeVC.swift in Sources */,
				65EFA05D1CFCABDC0063FBFC /* AppDelegate.swift in Sources */,
				65EFA0771CFCC2380063FBFC /* Recipe.swift in Sources */,
			);
			runOnlyForDeploymentPostprocessing = 0;
		};
/* End PBXSourcesBuildPhase section */

/* Begin PBXVariantGroup section */
		65EFA0601CFCABDC0063FBFC /* Main.storyboard */ = {
			isa = PBXVariantGroup;
			children = (
				65EFA0611CFCABDC0063FBFC /* Base */,
			);
			name = Main.storyboard;
			sourceTree = "<group>";
		};
		65EFA0681CFCABDC0063FBFC /* LaunchScreen.storyboard */ = {
			isa = PBXVariantGroup;
			children = (
				65EFA0691CFCABDC0063FBFC /* Base */,
			);
			name = LaunchScreen.storyboard;
			sourceTree = "<group>";
		};
/* End PBXVariantGroup section */

/* Begin XCBuildConfiguration section */
		65EFA06C1CFCABDC0063FBFC /* Debug */ = {
			isa = XCBuildConfiguration;
			buildSettings = {
				ALWAYS_SEARCH_USER_PATHS = NO;
				CLANG_ANALYZER_NONNULL = YES;
				CLANG_CXX_LANGUAGE_STANDARD = "gnu++0x";
				CLANG_CXX_LIBRARY = "libc++";
				CLANG_ENABLE_MODULES = YES;
				CLANG_ENABLE_OBJC_ARC = YES;
				CLANG_WARN_BOOL_CONVERSION = YES;
				CLANG_WARN_CONSTANT_CONVERSION = YES;
				CLANG_WARN_DIRECT_OBJC_ISA_USAGE = YES_ERROR;
				CLANG_WARN_EMPTY_BODY = YES;
				CLANG_WARN_ENUM_CONVERSION = YES;
				CLANG_WARN_INT_CONVERSION = YES;
				CLANG_WARN_OBJC_ROOT_CLASS = YES_ERROR;
				CLANG_WARN_UNREACHABLE_CODE = YES;
				CLANG_WARN__DUPLICATE_METHOD_MATCH = YES;
				"CODE_SIGN_IDENTITY[sdk=iphoneos*]" = "iPhone Developer";
				COPY_PHASE_STRIP = NO;
				DEBUG_INFORMATION_FORMAT = dwarf;
				ENABLE_STRICT_OBJC_MSGSEND = YES;
				ENABLE_TESTABILITY = YES;
				GCC_C_LANGUAGE_STANDARD = gnu99;
				GCC_DYNAMIC_NO_PIC = NO;
				GCC_NO_COMMON_BLOCKS = YES;
				GCC_OPTIMIZATION_LEVEL = 0;
				GCC_PREPROCESSOR_DEFINITIONS = (
					"DEBUG=1",
					"$(inherited)",
				);
				GCC_WARN_64_TO_32_BIT_CONVERSION = YES;
				GCC_WARN_ABOUT_RETURN_TYPE = YES_ERROR;
				GCC_WARN_UNDECLARED_SELECTOR = YES;
				GCC_WARN_UNINITIALIZED_AUTOS = YES_AGGRESSIVE;
				GCC_WARN_UNUSED_FUNCTION = YES;
				GCC_WARN_UNUSED_VARIABLE = YES;
				IPHONEOS_DEPLOYMENT_TARGET = 9.3;
				MTL_ENABLE_DEBUG_INFO = YES;
				ONLY_ACTIVE_ARCH = YES;
				SDKROOT = iphoneos;
				SWIFT_OPTIMIZATION_LEVEL = "-Onone";
				TARGETED_DEVICE_FAMILY = "1,2";
			};
			name = Debug;
		};
		65EFA06D1CFCABDC0063FBFC /* Release */ = {
			isa = XCBuildConfiguration;
			buildSettings = {
				ALWAYS_SEARCH_USER_PATHS = NO;
				CLANG_ANALYZER_NONNULL = YES;
				CLANG_CXX_LANGUAGE_STANDARD = "gnu++0x";
				CLANG_CXX_LIBRARY = "libc++";
				CLANG_ENABLE_MODULES = YES;
				CLANG_ENABLE_OBJC_ARC = YES;
				CLANG_WARN_BOOL_CONVERSION = YES;
				CLANG_WARN_CONSTANT_CONVERSION = YES;
				CLANG_WARN_DIRECT_OBJC_ISA_USAGE = YES_ERROR;
				CLANG_WARN_EMPTY_BODY = YES;
				CLANG_WARN_ENUM_CONVERSION = YES;
				CLANG_WARN_INT_CONVERSION = YES;
				CLANG_WARN_OBJC_ROOT_CLASS = YES_ERROR;
				CLANG_WARN_UNREACHABLE_CODE = YES;
				CLANG_WARN__DUPLICATE_METHOD_MATCH = YES;
				"CODE_SIGN_IDENTITY[sdk=iphoneos*]" = "iPhone Developer";
				COPY_PHASE_STRIP = NO;
				DEBUG_INFORMATION_FORMAT = "dwarf-with-dsym";
				ENABLE_NS_ASSERTIONS = NO;
				ENABLE_STRICT_OBJC_MSGSEND = YES;
				GCC_C_LANGUAGE_STANDARD = gnu99;
				GCC_NO_COMMON_BLOCKS = YES;
				GCC_WARN_64_TO_32_BIT_CONVERSION = YES;
				GCC_WARN_ABOUT_RETURN_TYPE = YES_ERROR;
				GCC_WARN_UNDECLARED_SELECTOR = YES;
				GCC_WARN_UNINITIALIZED_AUTOS = YES_AGGRESSIVE;
				GCC_WARN_UNUSED_FUNCTION = YES;
				GCC_WARN_UNUSED_VARIABLE = YES;
				IPHONEOS_DEPLOYMENT_TARGET = 9.3;
				MTL_ENABLE_DEBUG_INFO = NO;
				SDKROOT = iphoneos;
				TARGETED_DEVICE_FAMILY = "1,2";
				VALIDATE_PRODUCT = YES;
			};
			name = Release;
		};
		65EFA06F1CFCABDC0063FBFC /* Debug */ = {
			isa = XCBuildConfiguration;
			buildSettings = {
				ASSETCATALOG_COMPILER_APPICON_NAME = AppIcon;
				INFOPLIST_FILE = "recipez-app/Info.plist";
				LD_RUNPATH_SEARCH_PATHS = "$(inherited) @executable_path/Frameworks";
				PRODUCT_BUNDLE_IDENTIFIER = "com.danielfreire.recipez-app";
				PRODUCT_NAME = "$(TARGET_NAME)";
			};
			name = Debug;
		};
		65EFA0701CFCABDC0063FBFC /* Release */ = {
			isa = XCBuildConfiguration;
			buildSettings = {
				ASSETCATALOG_COMPILER_APPICON_NAME = AppIcon;
				INFOPLIST_FILE = "recipez-app/Info.plist";
				LD_RUNPATH_SEARCH_PATHS = "$(inherited) @executable_path/Frameworks";
				PRODUCT_BUNDLE_IDENTIFIER = "com.danielfreire.recipez-app";
				PRODUCT_NAME = "$(TARGET_NAME)";
			};
			name = Release;
		};
/* End XCBuildConfiguration section */

/* Begin XCConfigurationList section */
		65EFA0541CFCABDC0063FBFC /* Build configuration list for PBXProject "recipez-app" */ = {
			isa = XCConfigurationList;
			buildConfigurations = (
				65EFA06C1CFCABDC0063FBFC /* Debug */,
				65EFA06D1CFCABDC0063FBFC /* Release */,
			);
			defaultConfigurationIsVisible = 0;
			defaultConfigurationName = Release;
		};
		65EFA06E1CFCABDC0063FBFC /* Build configuration list for PBXNativeTarget "recipez-app" */ = {
			isa = XCConfigurationList;
			buildConfigurations = (
				65EFA06F1CFCABDC0063FBFC /* Debug */,
				65EFA0701CFCABDC0063FBFC /* Release */,
			);
			defaultConfigurationIsVisible = 0;
		};
/* End XCConfigurationList section */

/* Begin XCVersionGroup section */
		65EFA0631CFCABDC0063FBFC /* recipez_app.xcdatamodeld */ = {
			isa = XCVersionGroup;
			children = (
				65EFA0641CFCABDC0063FBFC /* recipez_app.xcdatamodel */,
			);
			currentVersion = 65EFA0641CFCABDC0063FBFC /* recipez_app.xcdatamodel */;
			path = recipez_app.xcdatamodeld;
			sourceTree = "<group>";
			versionGroupType = wrapper.xcdatamodel;
		};
/* End XCVersionGroup section */
	};
	rootObject = 65EFA0511CFCABDC0063FBFC /* Project object */;
}
